# THIS IS AN AUTOGENERATED FILE. DO NOT EDIT THIS FILE DIRECTLY.
# yarn lockfile v1


fp-ts@^2.11.1:
  version "2.11.1"
  resolved "https://registry.yarnpkg.com/fp-ts/-/fp-ts-2.11.1.tgz#b1eeb2540728b6328542664888442f8f805d2443"
  integrity sha512-CJOfs+Heq/erkE5mqH2mhpsxCKABGmcLyeEwPxtbTlkLkItGUs6bmk2WqjB2SgoVwNwzTE5iKjPQJiq06CPs5g==

ts-adt@^2.1.2:
  version "2.1.2"
  resolved "https://registry.yarnpkg.com/ts-adt/-/ts-adt-2.1.2.tgz#7a8626c2d872c97e5b38437e979b814902614fb6"
  integrity sha512-UD0lr7eyiBjxogQjb1xMCjF7skrnxGZLNm4iROeU3ky5tJzXN0yQkkS4DfNGfM4RaUGMhgyrzf2wUynqK8AdWQ==

typescript@^4.3.5:
  version "4.3.5"
  resolved "https://registry.yarnpkg.com/typescript/-/typescript-4.3.5.tgz#4d1c37cc16e893973c45a06886b7113234f119f4"
  integrity sha512-DqQgihaQ9cUrskJo9kIyW/+g0Vxsk8cDtZ52a3NGh0YNTfpUSArXSohyUGnvbPazEPLu398C0UxmKSOrPumUzA==
